
Microsoft Visual Studio Solution File, Format Version 12.00
# Visual Studio Version 17
VisualStudioVersion = 17.6.33712.159
MinimumVisualStudioVersion = 10.0.40219.1
Project("{9A19103F-16F7-4668-BE54-9A1E7A4F7556}") = "Presentation.WPF", "Presentation.WPF\Presentation.WPF.csproj", "{3B41F4E2-3ECD-4A72-A85E-800AFD9E3664}"
EndProject
Project("{9A19103F-16F7-4668-BE54-9A1E7A4F7556}") = "Data", "Data\Data.csproj", "{DB697B07-0A56-4ED8-B29E-932838BE77CD}"
EndProject
Project("{FAE04EC0-301F-11D3-BF4B-00C04F79EFBC}") = "Service", "Service\Service.csproj", "{14955F08-3CC3-453D-91C2-8B7530CF2963}"
EndProject
Project("{FAE04EC0-301F-11D3-BF4B-00C04F79EFBC}") = "DataTests", "DataTests\DataTests.csproj", "{DEDC7945-9B46-4E3A-8A14-8BEF7D353071}"
EndProject
Project("{FAE04EC0-301F-11D3-BF4B-00C04F79EFBC}") = "ServiceTests", "ServiceTests\ServiceTests.csproj", "{FCB19E90-5DE7-426B-A5E7-BCB7DC89DFE2}"
EndProject
Global
	GlobalSection(SolutionConfigurationPlatforms) = preSolution
		Debug|Any CPU = Debug|Any CPU
		Release|Any CPU = Release|Any CPU
	EndGlobalSection
	GlobalSection(ProjectConfigurationPlatforms) = postSolution
		{3B41F4E2-3ECD-4A72-A85E-800AFD9E3664}.Debug|Any CPU.ActiveCfg = Debug|Any CPU
		{3B41F4E2-3ECD-4A72-A85E-800AFD9E3664}.Debug|Any CPU.Build.0 = Debug|Any CPU
		{3B41F4E2-3ECD-4A72-A85E-800AFD9E3664}.Release|Any CPU.ActiveCfg = Release|Any CPU
		{3B41F4E2-3ECD-4A72-A85E-800AFD9E3664}.Release|Any CPU.Build.0 = Release|Any CPU
		{DB697B07-0A56-4ED8-B29E-932838BE77CD}.Debug|Any CPU.ActiveCfg = Debug|Any CPU
		{DB697B07-0A56-4ED8-B29E-932838BE77CD}.Debug|Any CPU.Build.0 = Debug|Any CPU
		{DB697B07-0A56-4ED8-B29E-932838BE77CD}.Release|Any CPU.ActiveCfg = Release|Any CPU
		{DB697B07-0A56-4ED8-B29E-932838BE77CD}.Release|Any CPU.Build.0 = Release|Any CPU
		{14955F08-3CC3-453D-91C2-8B7530CF2963}.Debug|Any CPU.ActiveCfg = Debug|Any CPU
		{14955F08-3CC3-453D-91C2-8B7530CF2963}.Debug|Any CPU.Build.0 = Debug|Any CPU
		{14955F08-3CC3-453D-91C2-8B7530CF2963}.Release|Any CPU.ActiveCfg = Release|Any CPU
		{14955F08-3CC3-453D-91C2-8B7530CF2963}.Release|Any CPU.Build.0 = Release|Any CPU
		{DEDC7945-9B46-4E3A-8A14-8BEF7D353071}.Debug|Any CPU.ActiveCfg = Debug|Any CPU
		{DEDC7945-9B46-4E3A-8A14-8BEF7D353071}.Debug|Any CPU.Build.0 = Debug|Any CPU
		{DEDC7945-9B46-4E3A-8A14-8BEF7D353071}.Release|Any CPU.ActiveCfg = Release|Any CPU
		{DEDC7945-9B46-4E3A-8A14-8BEF7D353071}.Release|Any CPU.Build.0 = Release|Any CPU
		{FCB19E90-5DE7-426B-A5E7-BCB7DC89DFE2}.Debug|Any CPU.ActiveCfg = Debug|Any CPU
		{FCB19E90-5DE7-426B-A5E7-BCB7DC89DFE2}.Debug|Any CPU.Build.0 = Debug|Any CPU
		{FCB19E90-5DE7-426B-A5E7-BCB7DC89DFE2}.Release|Any CPU.ActiveCfg = Release|Any CPU
		{FCB19E90-5DE7-426B-A5E7-BCB7DC89DFE2}.Release|Any CPU.Build.0 = Release|Any CPU
	EndGlobalSection
	GlobalSection(SolutionProperties) = preSolution
		HideSolutionNode = FALSE
	EndGlobalSection
	GlobalSection(ExtensibilityGlobals) = postSolution
		SolutionGuid = {9DA3C51F-3182-495A-A53D-49DDE7D3B9C7}
	EndGlobalSection
EndGlobal
