
Microsoft Visual Studio Solution File, Format Version 12.00
# Visual Studio Version 17
VisualStudioVersion = 17.6.33712.159
MinimumVisualStudioVersion = 10.0.40219.1
Project("{FAE04EC0-301F-11D3-BF4B-00C04F79EFBC}") = "Services", "Services\Services.csproj", "{34BF80F8-F16C-4DD8-9C68-55695D68A6B3}"
EndProject
Project("{FAE04EC0-301F-11D3-BF4B-00C04F79EFBC}") = "ServicesTests", "ServicesTests\ServicesTests.csproj", "{0C4D8911-D916-4B10-A46A-8DAB2363ABBE}"
EndProject
Project("{9A19103F-16F7-4668-BE54-9A1E7A4F7556}") = "Presentation.WPF", "Presentation.WPF\Presentation.WPF.csproj", "{3B41F4E2-3ECD-4A72-A85E-800AFD9E3664}"
EndProject
Project("{FAE04EC0-301F-11D3-BF4B-00C04F79EFBC}") = "Data", "Data\Data.csproj", "{DB697B07-0A56-4ED8-B29E-932838BE77CD}"
EndProject
Global
	GlobalSection(SolutionConfigurationPlatforms) = preSolution
		Debug|Any CPU = Debug|Any CPU
		Release|Any CPU = Release|Any CPU
	EndGlobalSection
	GlobalSection(ProjectConfigurationPlatforms) = postSolution
		{34BF80F8-F16C-4DD8-9C68-55695D68A6B3}.Debug|Any CPU.ActiveCfg = Debug|Any CPU
		{34BF80F8-F16C-4DD8-9C68-55695D68A6B3}.Debug|Any CPU.Build.0 = Debug|Any CPU
		{34BF80F8-F16C-4DD8-9C68-55695D68A6B3}.Release|Any CPU.ActiveCfg = Release|Any CPU
		{34BF80F8-F16C-4DD8-9C68-55695D68A6B3}.Release|Any CPU.Build.0 = Release|Any CPU
		{0C4D8911-D916-4B10-A46A-8DAB2363ABBE}.Debug|Any CPU.ActiveCfg = Debug|Any CPU
		{0C4D8911-D916-4B10-A46A-8DAB2363ABBE}.Debug|Any CPU.Build.0 = Debug|Any CPU
		{0C4D8911-D916-4B10-A46A-8DAB2363ABBE}.Release|Any CPU.ActiveCfg = Release|Any CPU
		{0C4D8911-D916-4B10-A46A-8DAB2363ABBE}.Release|Any CPU.Build.0 = Release|Any CPU
		{3B41F4E2-3ECD-4A72-A85E-800AFD9E3664}.Debug|Any CPU.ActiveCfg = Debug|Any CPU
		{3B41F4E2-3ECD-4A72-A85E-800AFD9E3664}.Debug|Any CPU.Build.0 = Debug|Any CPU
		{3B41F4E2-3ECD-4A72-A85E-800AFD9E3664}.Release|Any CPU.ActiveCfg = Release|Any CPU
		{3B41F4E2-3ECD-4A72-A85E-800AFD9E3664}.Release|Any CPU.Build.0 = Release|Any CPU
		{DB697B07-0A56-4ED8-B29E-932838BE77CD}.Debug|Any CPU.ActiveCfg = Debug|Any CPU
		{DB697B07-0A56-4ED8-B29E-932838BE77CD}.Debug|Any CPU.Build.0 = Debug|Any CPU
		{DB697B07-0A56-4ED8-B29E-932838BE77CD}.Release|Any CPU.ActiveCfg = Release|Any CPU
		{DB697B07-0A56-4ED8-B29E-932838BE77CD}.Release|Any CPU.Build.0 = Release|Any CPU
	EndGlobalSection
	GlobalSection(SolutionProperties) = preSolution
		HideSolutionNode = FALSE
	EndGlobalSection
	GlobalSection(ExtensibilityGlobals) = postSolution
		SolutionGuid = {9DA3C51F-3182-495A-A53D-49DDE7D3B9C7}
	EndGlobalSection
EndGlobal
